
Microsoft Visual Studio Solution File, Format Version 12.00
# Visual Studio Version 16
VisualStudioVersion = 16.0.34301.259
MinimumVisualStudioVersion = 10.0.40219.1
Project("{F184B08F-C81C-45F6-A57F-5ABD9991F28F}") = "gestion de l'hopital", "gestion de l'hopital\gestion de l'hopital.vbproj", "{EA4BDFB2-55E2-4A73-AE48-8CA3A2332FAF}"
EndProject
Global
	GlobalSection(SolutionConfigurationPlatforms) = preSolution
		Debug|Any CPU = Debug|Any CPU
		Release|Any CPU = Release|Any CPU
	EndGlobalSection
	GlobalSection(ProjectConfigurationPlatforms) = postSolution
		{EA4BDFB2-55E2-4A73-AE48-8CA3A2332FAF}.Debug|Any CPU.ActiveCfg = Debug|Any CPU
		{EA4BDFB2-55E2-4A73-AE48-8CA3A2332FAF}.Debug|Any CPU.Build.0 = Debug|Any CPU
		{EA4BDFB2-55E2-4A73-AE48-8CA3A2332FAF}.Release|Any CPU.ActiveCfg = Release|Any CPU
		{EA4BDFB2-55E2-4A73-AE48-8CA3A2332FAF}.Release|Any CPU.Build.0 = Release|Any CPU
	EndGlobalSection
	GlobalSection(SolutionProperties) = preSolution
		HideSolutionNode = FALSE
	EndGlobalSection
	GlobalSection(ExtensibilityGlobals) = postSolution
		SolutionGuid = {AE100C1F-FD01-4F4B-AFEC-8BA191D1A088}
	EndGlobalSection
EndGlobal
